
Microsoft Visual Studio Solution File, Format Version 12.00
# Visual Studio Version 16
VisualStudioVersion = 16.0.31424.327
MinimumVisualStudioVersion = 10.0.40219.1
Project("{FAE04EC0-301F-11D3-BF4B-00C04F79EFBC}") = "Excel_NegyedikHet", "Excel_NegyedikHet\Excel_NegyedikHet.csproj", "{176D5244-8F53-419B-A2C6-23F582C3A288}"
EndProject
Global
	GlobalSection(SolutionConfigurationPlatforms) = preSolution
		Debug|Any CPU = Debug|Any CPU
		Release|Any CPU = Release|Any CPU
	EndGlobalSection
	GlobalSection(ProjectConfigurationPlatforms) = postSolution
		{176D5244-8F53-419B-A2C6-23F582C3A288}.Debug|Any CPU.ActiveCfg = Debug|Any CPU
		{176D5244-8F53-419B-A2C6-23F582C3A288}.Debug|Any CPU.Build.0 = Debug|Any CPU
		{176D5244-8F53-419B-A2C6-23F582C3A288}.Release|Any CPU.ActiveCfg = Release|Any CPU
		{176D5244-8F53-419B-A2C6-23F582C3A288}.Release|Any CPU.Build.0 = Release|Any CPU
	EndGlobalSection
	GlobalSection(SolutionProperties) = preSolution
		HideSolutionNode = FALSE
	EndGlobalSection
	GlobalSection(ExtensibilityGlobals) = postSolution
		SolutionGuid = {BC012E6C-B922-4B9D-9E9D-71B871C42522}
	EndGlobalSection
EndGlobal
